
Microsoft Visual Studio Solution File, Format Version 12.00
# Visual Studio Version 16
VisualStudioVersion = 16.0.29613.14
MinimumVisualStudioVersion = 10.0.40219.1
Project("{151D2E53-A2C4-4D7D-83FE-D05416EBD58E}") = "My Azure Iot", "My Azure Iot\My Azure Iot.deployproj", "{63B31906-09E1-4001-901C-AA082D778C99}"
EndProject
Global
	GlobalSection(SolutionConfigurationPlatforms) = preSolution
		Debug|Any CPU = Debug|Any CPU
		Release|Any CPU = Release|Any CPU
	EndGlobalSection
	GlobalSection(ProjectConfigurationPlatforms) = postSolution
		{63B31906-09E1-4001-901C-AA082D778C99}.Debug|Any CPU.ActiveCfg = Debug|Any CPU
		{63B31906-09E1-4001-901C-AA082D778C99}.Debug|Any CPU.Build.0 = Debug|Any CPU
		{63B31906-09E1-4001-901C-AA082D778C99}.Release|Any CPU.ActiveCfg = Release|Any CPU
		{63B31906-09E1-4001-901C-AA082D778C99}.Release|Any CPU.Build.0 = Release|Any CPU
	EndGlobalSection
	GlobalSection(SolutionProperties) = preSolution
		HideSolutionNode = FALSE
	EndGlobalSection
	GlobalSection(ExtensibilityGlobals) = postSolution
		SolutionGuid = {2651CC8B-28A9-4BCD-A38F-3F2B9AD85BBC}
	EndGlobalSection
EndGlobal
